
Microsoft Visual Studio Solution File, Format Version 12.00
# Visual Studio Version 17
VisualStudioVersion = 17.9.34723.18
MinimumVisualStudioVersion = 10.0.40219.1
Project("{FAE04EC0-301F-11D3-BF4B-00C04F79EFBC}") = "ContactosMAVI.Server", "ContactosMAVI.Server\ContactosMAVI.Server.csproj", "{970D0EA9-A3E9-4E12-9E76-433119563CE2}"
EndProject
Project("{54A90642-561A-4BB1-A94E-469ADEE60C69}") = "contactosmavi.client", "contactosmavi.client\contactosmavi.client.esproj", "{8CDA0A7A-D0B3-4996-91B3-D97E0E993F20}"
EndProject
Global
	GlobalSection(SolutionConfigurationPlatforms) = preSolution
		Debug|Any CPU = Debug|Any CPU
		Release|Any CPU = Release|Any CPU
	EndGlobalSection
	GlobalSection(ProjectConfigurationPlatforms) = postSolution
		{970D0EA9-A3E9-4E12-9E76-433119563CE2}.Debug|Any CPU.ActiveCfg = Debug|Any CPU
		{970D0EA9-A3E9-4E12-9E76-433119563CE2}.Debug|Any CPU.Build.0 = Debug|Any CPU
		{970D0EA9-A3E9-4E12-9E76-433119563CE2}.Release|Any CPU.ActiveCfg = Release|Any CPU
		{970D0EA9-A3E9-4E12-9E76-433119563CE2}.Release|Any CPU.Build.0 = Release|Any CPU
		{8CDA0A7A-D0B3-4996-91B3-D97E0E993F20}.Debug|Any CPU.ActiveCfg = Debug|Any CPU
		{8CDA0A7A-D0B3-4996-91B3-D97E0E993F20}.Debug|Any CPU.Build.0 = Debug|Any CPU
		{8CDA0A7A-D0B3-4996-91B3-D97E0E993F20}.Debug|Any CPU.Deploy.0 = Debug|Any CPU
		{8CDA0A7A-D0B3-4996-91B3-D97E0E993F20}.Release|Any CPU.ActiveCfg = Release|Any CPU
		{8CDA0A7A-D0B3-4996-91B3-D97E0E993F20}.Release|Any CPU.Build.0 = Release|Any CPU
		{8CDA0A7A-D0B3-4996-91B3-D97E0E993F20}.Release|Any CPU.Deploy.0 = Release|Any CPU
	EndGlobalSection
	GlobalSection(SolutionProperties) = preSolution
		HideSolutionNode = FALSE
	EndGlobalSection
	GlobalSection(ExtensibilityGlobals) = postSolution
		SolutionGuid = {22D8A722-067E-40BB-93E6-21614F1214EF}
	EndGlobalSection
EndGlobal
